// !$*UTF8*$!
{
	archiveVersion = 1;
	classes = {
	};
	objectVersion = 50;
	objects = {

/* Begin PBXBuildFile section */
		B60D28CC232D43ED00DB10E9 /* ModalViewController.m in Sources */ = {isa = PBXBuildFile; fileRef = B60D28CB232D43ED00DB10E9 /* ModalViewController.m */; };
		B65B7FF12328C455001FC23C /* AppDelegate.m in Sources */ = {isa = PBXBuildFile; fileRef = B65B7FF02328C455001FC23C /* AppDelegate.m */; };
		B65B7FF72328C455001FC23C /* Main.storyboard in Resources */ = {isa = PBXBuildFile; fileRef = B65B7FF52328C455001FC23C /* Main.storyboard */; };
		B65B7FF92328C456001FC23C /* Assets.xcassets in Resources */ = {isa = PBXBuildFile; fileRef = B65B7FF82328C456001FC23C /* Assets.xcassets */; };
		B65B7FFC2328C456001FC23C /* LaunchScreen.storyboard in Resources */ = {isa = PBXBuildFile; fileRef = B65B7FFA2328C456001FC23C /* LaunchScreen.storyboard */; };
		B6B5487B232DF15D00EBE079 /* NewTableViewCell.m in Sources */ = {isa = PBXBuildFile; fileRef = B6B5487A232DF15D00EBE079 /* NewTableViewCell.m */; };
		B6B85B6E232B29220007102F /* LogoViewController.m in Sources */ = {isa = PBXBuildFile; fileRef = B6B85B6D232B29220007102F /* LogoViewController.m */; };
		B6B85B71232C157E0007102F /* DataModel.m in Sources */ = {isa = PBXBuildFile; fileRef = B6B85B70232C157E0007102F /* DataModel.m */; };
		B6B85B76232C5C8C0007102F /* HomeViewController.m in Sources */ = {isa = PBXBuildFile; fileRef = B6B85B74232C5C8C0007102F /* HomeViewController.m */; };
		B6B85B77232C5C8C0007102F /* MyTableViewClass.m in Sources */ = {isa = PBXBuildFile; fileRef = B6B85B75232C5C8C0007102F /* MyTableViewClass.m */; };
		B6B85BC1232D2EAA0007102F /* TableViewController.m in Sources */ = {isa = PBXBuildFile; fileRef = B6B85BC0232D2EAA0007102F /* TableViewController.m */; };
		B6B85BC4232D2ECC0007102F /* CollectionViewController.m in Sources */ = {isa = PBXBuildFile; fileRef = B6B85BC3232D2ECC0007102F /* CollectionViewController.m */; };
		B6C8B8C0232B051D00718B58 /* DataViewController.m in Sources */ = {isa = PBXBuildFile; fileRef = B6C8B8BF232B051D00718B58 /* DataViewController.m */; };
		B6C8B8C5232B068800718B58 /* main.m in Sources */ = {isa = PBXBuildFile; fileRef = B6C8B8C4232B068800718B58 /* main.m */; };
		B6C8B8C8232B083E00718B58 /* DataObject.m in Sources */ = {isa = PBXBuildFile; fileRef = B6C8B8C7232B083E00718B58 /* DataObject.m */; };
		B6CFEE2C232DE87200AD760D /* TableViewCell.m in Sources */ = {isa = PBXBuildFile; fileRef = B6CFEE2B232DE87200AD760D /* TableViewCell.m */; };
		B6CFEE2F232DE89200AD760D /* CollectionViewCell.m in Sources */ = {isa = PBXBuildFile; fileRef = B6CFEE2E232DE89200AD760D /* CollectionViewCell.m */; };
/* End PBXBuildFile section */

/* Begin PBXFileReference section */
		B60D28CA232D43ED00DB10E9 /* ModalViewController.h */ = {isa = PBXFileReference; lastKnownFileType = sourcecode.c.h; path = ModalViewController.h; sourceTree = "<group>"; };
		B60D28CB232D43ED00DB10E9 /* ModalViewController.m */ = {isa = PBXFileReference; lastKnownFileType = sourcecode.c.objc; path = ModalViewController.m; sourceTree = "<group>"; };
		B65B7FEC2328C455001FC23C /* Lab1.app */ = {isa = PBXFileReference; explicitFileType = wrapper.application; includeInIndex = 0; path = Lab1.app; sourceTree = BUILT_PRODUCTS_DIR; };
		B65B7FEF2328C455001FC23C /* AppDelegate.h */ = {isa = PBXFileReference; lastKnownFileType = sourcecode.c.h; path = AppDelegate.h; sourceTree = "<group>"; };
		B65B7FF02328C455001FC23C /* AppDelegate.m */ = {isa = PBXFileReference; lastKnownFileType = sourcecode.c.objc; path = AppDelegate.m; sourceTree = "<group>"; };
		B65B7FF62328C455001FC23C /* Base */ = {isa = PBXFileReference; lastKnownFileType = file.storyboard; name = Base; path = Base.lproj/Main.storyboard; sourceTree = "<group>"; };
		B65B7FF82328C456001FC23C /* Assets.xcassets */ = {isa = PBXFileReference; lastKnownFileType = folder.assetcatalog; path = Assets.xcassets; sourceTree = "<group>"; };
		B65B7FFB2328C456001FC23C /* Base */ = {isa = PBXFileReference; lastKnownFileType = file.storyboard; name = Base; path = Base.lproj/LaunchScreen.storyboard; sourceTree = "<group>"; };
		B65B7FFD2328C456001FC23C /* Info.plist */ = {isa = PBXFileReference; lastKnownFileType = text.plist.xml; path = Info.plist; sourceTree = "<group>"; };
		B6B54879232DF15D00EBE079 /* NewTableViewCell.h */ = {isa = PBXFileReference; lastKnownFileType = sourcecode.c.h; path = NewTableViewCell.h; sourceTree = "<group>"; };
		B6B5487A232DF15D00EBE079 /* NewTableViewCell.m */ = {isa = PBXFileReference; lastKnownFileType = sourcecode.c.objc; path = NewTableViewCell.m; sourceTree = "<group>"; };
		B6B85B6C232B29220007102F /* LogoViewController.h */ = {isa = PBXFileReference; lastKnownFileType = sourcecode.c.h; path = LogoViewController.h; sourceTree = "<group>"; };
		B6B85B6D232B29220007102F /* LogoViewController.m */ = {isa = PBXFileReference; lastKnownFileType = sourcecode.c.objc; path = LogoViewController.m; sourceTree = "<group>"; };
		B6B85B6F232C157E0007102F /* DataModel.h */ = {isa = PBXFileReference; lastKnownFileType = sourcecode.c.h; path = DataModel.h; sourceTree = "<group>"; };
		B6B85B70232C157E0007102F /* DataModel.m */ = {isa = PBXFileReference; lastKnownFileType = sourcecode.c.objc; path = DataModel.m; sourceTree = "<group>"; };
		B6B85B72232C5C8C0007102F /* MyTableViewClass.h */ = {isa = PBXFileReference; fileEncoding = 4; lastKnownFileType = sourcecode.c.h; path = MyTableViewClass.h; sourceTree = "<group>"; };
		B6B85B73232C5C8C0007102F /* HomeViewController.h */ = {isa = PBXFileReference; fileEncoding = 4; lastKnownFileType = sourcecode.c.h; path = HomeViewController.h; sourceTree = "<group>"; };
		B6B85B74232C5C8C0007102F /* HomeViewController.m */ = {isa = PBXFileReference; fileEncoding = 4; lastKnownFileType = sourcecode.c.objc; path = HomeViewController.m; sourceTree = "<group>"; };
		B6B85B75232C5C8C0007102F /* MyTableViewClass.m */ = {isa = PBXFileReference; fileEncoding = 4; lastKnownFileType = sourcecode.c.objc; path = MyTableViewClass.m; sourceTree = "<group>"; };
		B6B85BBF232D2EAA0007102F /* TableViewController.h */ = {isa = PBXFileReference; lastKnownFileType = sourcecode.c.h; path = TableViewController.h; sourceTree = "<group>"; };
		B6B85BC0232D2EAA0007102F /* TableViewController.m */ = {isa = PBXFileReference; lastKnownFileType = sourcecode.c.objc; path = TableViewController.m; sourceTree = "<group>"; };
		B6B85BC2232D2ECC0007102F /* CollectionViewController.h */ = {isa = PBXFileReference; lastKnownFileType = sourcecode.c.h; path = CollectionViewController.h; sourceTree = "<group>"; };
		B6B85BC3232D2ECC0007102F /* CollectionViewController.m */ = {isa = PBXFileReference; lastKnownFileType = sourcecode.c.objc; path = CollectionViewController.m; sourceTree = "<group>"; };
		B6C8B8BE232B051D00718B58 /* DataViewController.h */ = {isa = PBXFileReference; lastKnownFileType = sourcecode.c.h; path = DataViewController.h; sourceTree = "<group>"; };
		B6C8B8BF232B051D00718B58 /* DataViewController.m */ = {isa = PBXFileReference; lastKnownFileType = sourcecode.c.objc; path = DataViewController.m; sourceTree = "<group>"; };
		B6C8B8C4232B068800718B58 /* main.m */ = {isa = PBXFileReference; fileEncoding = 4; lastKnownFileType = sourcecode.c.objc; path = main.m; sourceTree = "<group>"; };
		B6C8B8C6232B083E00718B58 /* DataObject.h */ = {isa = PBXFileReference; lastKnownFileType = sourcecode.c.h; path = DataObject.h; sourceTree = "<group>"; };
		B6C8B8C7232B083E00718B58 /* DataObject.m */ = {isa = PBXFileReference; lastKnownFileType = sourcecode.c.objc; path = DataObject.m; sourceTree = "<group>"; };
		B6CFEE2A232DE87200AD760D /* TableViewCell.h */ = {isa = PBXFileReference; lastKnownFileType = sourcecode.c.h; path = TableViewCell.h; sourceTree = "<group>"; };
		B6CFEE2B232DE87200AD760D /* TableViewCell.m */ = {isa = PBXFileReference; lastKnownFileType = sourcecode.c.objc; path = TableViewCell.m; sourceTree = "<group>"; };
		B6CFEE2D232DE89200AD760D /* CollectionViewCell.h */ = {isa = PBXFileReference; lastKnownFileType = sourcecode.c.h; path = CollectionViewCell.h; sourceTree = "<group>"; };
		B6CFEE2E232DE89200AD760D /* CollectionViewCell.m */ = {isa = PBXFileReference; lastKnownFileType = sourcecode.c.objc; path = CollectionViewCell.m; sourceTree = "<group>"; };
/* End PBXFileReference section */

/* Begin PBXFrameworksBuildPhase section */
		B65B7FE92328C455001FC23C /* Frameworks */ = {
			isa = PBXFrameworksBuildPhase;
			buildActionMask = 2147483647;
			files = (
			);
			runOnlyForDeploymentPostprocessing = 0;
		};
/* End PBXFrameworksBuildPhase section */

/* Begin PBXGroup section */
		B65B7FE32328C455001FC23C = {
			isa = PBXGroup;
			children = (
				B65B7FEE2328C455001FC23C /* Lab1 */,
				B65B7FED2328C455001FC23C /* Products */,
			);
			sourceTree = "<group>";
		};
		B65B7FED2328C455001FC23C /* Products */ = {
			isa = PBXGroup;
			children = (
				B65B7FEC2328C455001FC23C /* Lab1.app */,
			);
			name = Products;
			sourceTree = "<group>";
		};
		B65B7FEE2328C455001FC23C /* Lab1 */ = {
			isa = PBXGroup;
			children = (
				B65B7FF52328C455001FC23C /* Main.storyboard */,
				B6C8B8C4232B068800718B58 /* main.m */,
				B65B7FEF2328C455001FC23C /* AppDelegate.h */,
				B65B7FF02328C455001FC23C /* AppDelegate.m */,
				B6B85B73232C5C8C0007102F /* HomeViewController.h */,
				B6B85B74232C5C8C0007102F /* HomeViewController.m */,
				B6B85B6C232B29220007102F /* LogoViewController.h */,
				B6B85B6D232B29220007102F /* LogoViewController.m */,
				B6B85B6F232C157E0007102F /* DataModel.h */,
				B6B85B70232C157E0007102F /* DataModel.m */,
				B6C8B8C6232B083E00718B58 /* DataObject.h */,
				B6C8B8C7232B083E00718B58 /* DataObject.m */,
				B6B85BBF232D2EAA0007102F /* TableViewController.h */,
				B6B85BC0232D2EAA0007102F /* TableViewController.m */,
				B6CFEE2A232DE87200AD760D /* TableViewCell.h */,
				B6CFEE2B232DE87200AD760D /* TableViewCell.m */,
				B6B54879232DF15D00EBE079 /* NewTableViewCell.h */,
				B6B5487A232DF15D00EBE079 /* NewTableViewCell.m */,
				B6B85BC2232D2ECC0007102F /* CollectionViewController.h */,
				B6B85BC3232D2ECC0007102F /* CollectionViewController.m */,
				B6CFEE2D232DE89200AD760D /* CollectionViewCell.h */,
				B6CFEE2E232DE89200AD760D /* CollectionViewCell.m */,
				B6C8B8BE232B051D00718B58 /* DataViewController.h */,
				B6C8B8BF232B051D00718B58 /* DataViewController.m */,
				B60D28CA232D43ED00DB10E9 /* ModalViewController.h */,
				B60D28CB232D43ED00DB10E9 /* ModalViewController.m */,
				B65B7FFD2328C456001FC23C /* Info.plist */,
				B65B7FF82328C456001FC23C /* Assets.xcassets */,
				B65B7FFA2328C456001FC23C /* LaunchScreen.storyboard */,
				B6B85B72232C5C8C0007102F /* MyTableViewClass.h */,
				B6B85B75232C5C8C0007102F /* MyTableViewClass.m */,
			);
			path = Lab1;
			sourceTree = "<group>";
		};
/* End PBXGroup section */

/* Begin PBXNativeTarget section */
		B65B7FEB2328C455001FC23C /* Lab1 */ = {
			isa = PBXNativeTarget;
			buildConfigurationList = B65B80022328C456001FC23C /* Build configuration list for PBXNativeTarget "Lab1" */;
			buildPhases = (
				B65B7FE82328C455001FC23C /* Sources */,
				B65B7FE92328C455001FC23C /* Frameworks */,
				B65B7FEA2328C455001FC23C /* Resources */,
			);
			buildRules = (
			);
			dependencies = (
			);
			name = Lab1;
			productName = Lab1;
			productReference = B65B7FEC2328C455001FC23C /* Lab1.app */;
			productType = "com.apple.product-type.application";
		};
/* End PBXNativeTarget section */

/* Begin PBXProject section */
		B65B7FE42328C455001FC23C /* Project object */ = {
			isa = PBXProject;
			attributes = {
				LastUpgradeCheck = 1030;
				ORGANIZATIONNAME = "Will Lacey";
				TargetAttributes = {
					B65B7FEB2328C455001FC23C = {
						CreatedOnToolsVersion = 10.3;
					};
				};
			};
			buildConfigurationList = B65B7FE72328C455001FC23C /* Build configuration list for PBXProject "Lab1" */;
			compatibilityVersion = "Xcode 9.3";
			developmentRegion = en;
			hasScannedForEncodings = 0;
			knownRegions = (
				en,
				Base,
			);
			mainGroup = B65B7FE32328C455001FC23C;
			productRefGroup = B65B7FED2328C455001FC23C /* Products */;
			projectDirPath = "";
			projectRoot = "";
			targets = (
				B65B7FEB2328C455001FC23C /* Lab1 */,
			);
		};
/* End PBXProject section */

/* Begin PBXResourcesBuildPhase section */
		B65B7FEA2328C455001FC23C /* Resources */ = {
			isa = PBXResourcesBuildPhase;
			buildActionMask = 2147483647;
			files = (
				B65B7FFC2328C456001FC23C /* LaunchScreen.storyboard in Resources */,
				B65B7FF92328C456001FC23C /* Assets.xcassets in Resources */,
				B65B7FF72328C455001FC23C /* Main.storyboard in Resources */,
			);
			runOnlyForDeploymentPostprocessing = 0;
		};
/* End PBXResourcesBuildPhase section */

/* Begin PBXSourcesBuildPhase section */
		B65B7FE82328C455001FC23C /* Sources */ = {
			isa = PBXSourcesBuildPhase;
			buildActionMask = 2147483647;
			files = (
				B6C8B8C8232B083E00718B58 /* DataObject.m in Sources */,
				B6CFEE2C232DE87200AD760D /* TableViewCell.m in Sources */,
				B6B85B71232C157E0007102F /* DataModel.m in Sources */,
				B65B7FF12328C455001FC23C /* AppDelegate.m in Sources */,
				B6C8B8C0232B051D00718B58 /* DataViewController.m in Sources */,
				B6B85BC1232D2EAA0007102F /* TableViewController.m in Sources */,
				B6B5487B232DF15D00EBE079 /* NewTableViewCell.m in Sources */,
				B60D28CC232D43ED00DB10E9 /* ModalViewController.m in Sources */,
				B6B85B77232C5C8C0007102F /* MyTableViewClass.m in Sources */,
				B6C8B8C5232B068800718B58 /* main.m in Sources */,
				B6B85B76232C5C8C0007102F /* HomeViewController.m in Sources */,
				B6B85BC4232D2ECC0007102F /* CollectionViewController.m in Sources */,
				B6CFEE2F232DE89200AD760D /* CollectionViewCell.m in Sources */,
				B6B85B6E232B29220007102F /* LogoViewController.m in Sources */,
			);
			runOnlyForDeploymentPostprocessing = 0;
		};
/* End PBXSourcesBuildPhase section */

/* Begin PBXVariantGroup section */
		B65B7FF52328C455001FC23C /* Main.storyboard */ = {
			isa = PBXVariantGroup;
			children = (
				B65B7FF62328C455001FC23C /* Base */,
			);
			name = Main.storyboard;
			sourceTree = "<group>";
		};
		B65B7FFA2328C456001FC23C /* LaunchScreen.storyboard */ = {
			isa = PBXVariantGroup;
			children = (
				B65B7FFB2328C456001FC23C /* Base */,
			);
			name = LaunchScreen.storyboard;
			sourceTree = "<group>";
		};
/* End PBXVariantGroup section */

/* Begin XCBuildConfiguration section */
		B65B80002328C456001FC23C /* Debug */ = {
			isa = XCBuildConfiguration;
			buildSettings = {
				ALWAYS_SEARCH_USER_PATHS = NO;
				CLANG_ANALYZER_NONNULL = YES;
				CLANG_ANALYZER_NUMBER_OBJECT_CONVERSION = YES_AGGRESSIVE;
				CLANG_CXX_LANGUAGE_STANDARD = "gnu++14";
				CLANG_CXX_LIBRARY = "libc++";
				CLANG_ENABLE_MODULES = YES;
				CLANG_ENABLE_OBJC_ARC = YES;
				CLANG_ENABLE_OBJC_WEAK = YES;
				CLANG_WARN_BLOCK_CAPTURE_AUTORELEASING = YES;
				CLANG_WARN_BOOL_CONVERSION = YES;
				CLANG_WARN_COMMA = YES;
				CLANG_WARN_CONSTANT_CONVERSION = YES;
				CLANG_WARN_DEPRECATED_OBJC_IMPLEMENTATIONS = YES;
				CLANG_WARN_DIRECT_OBJC_ISA_USAGE = YES_ERROR;
				CLANG_WARN_DOCUMENTATION_COMMENTS = YES;
				CLANG_WARN_EMPTY_BODY = YES;
				CLANG_WARN_ENUM_CONVERSION = YES;
				CLANG_WARN_INFINITE_RECURSION = YES;
				CLANG_WARN_INT_CONVERSION = YES;
				CLANG_WARN_NON_LITERAL_NULL_CONVERSION = YES;
				CLANG_WARN_OBJC_IMPLICIT_RETAIN_SELF = YES;
				CLANG_WARN_OBJC_LITERAL_CONVERSION = YES;
				CLANG_WARN_OBJC_ROOT_CLASS = YES_ERROR;
				CLANG_WARN_RANGE_LOOP_ANALYSIS = YES;
				CLANG_WARN_STRICT_PROTOTYPES = YES;
				CLANG_WARN_SUSPICIOUS_MOVE = YES;
				CLANG_WARN_UNGUARDED_AVAILABILITY = YES_AGGRESSIVE;
				CLANG_WARN_UNREACHABLE_CODE = YES;
				CLANG_WARN__DUPLICATE_METHOD_MATCH = YES;
				CODE_SIGN_IDENTITY = "iPhone Developer";
				COPY_PHASE_STRIP = NO;
				DEBUG_INFORMATION_FORMAT = dwarf;
				ENABLE_STRICT_OBJC_MSGSEND = YES;
				ENABLE_TESTABILITY = YES;
				GCC_C_LANGUAGE_STANDARD = gnu11;
				GCC_DYNAMIC_NO_PIC = NO;
				GCC_NO_COMMON_BLOCKS = YES;
				GCC_OPTIMIZATION_LEVEL = 0;
				GCC_PREPROCESSOR_DEFINITIONS = (
					"DEBUG=1",
					"$(inherited)",
				);
				GCC_WARN_64_TO_32_BIT_CONVERSION = YES;
				GCC_WARN_ABOUT_RETURN_TYPE = YES_ERROR;
				GCC_WARN_UNDECLARED_SELECTOR = YES;
				GCC_WARN_UNINITIALIZED_AUTOS = YES_AGGRESSIVE;
				GCC_WARN_UNUSED_FUNCTION = YES;
				GCC_WARN_UNUSED_VARIABLE = YES;
				IPHONEOS_DEPLOYMENT_TARGET = 12.4;
				MTL_ENABLE_DEBUG_INFO = INCLUDE_SOURCE;
				MTL_FAST_MATH = YES;
				ONLY_ACTIVE_ARCH = YES;
				SDKROOT = iphoneos;
			};
			name = Debug;
		};
		B65B80012328C456001FC23C /* Release */ = {
			isa = XCBuildConfiguration;
			buildSettings = {
				ALWAYS_SEARCH_USER_PATHS = NO;
				CLANG_ANALYZER_NONNULL = YES;
				CLANG_ANALYZER_NUMBER_OBJECT_CONVERSION = YES_AGGRESSIVE;
				CLANG_CXX_LANGUAGE_STANDARD = "gnu++14";
				CLANG_CXX_LIBRARY = "libc++";
				CLANG_ENABLE_MODULES = YES;
				CLANG_ENABLE_OBJC_ARC = YES;
				CLANG_ENABLE_OBJC_WEAK = YES;
				CLANG_WARN_BLOCK_CAPTURE_AUTORELEASING = YES;
				CLANG_WARN_BOOL_CONVERSION = YES;
				CLANG_WARN_COMMA = YES;
				CLANG_WARN_CONSTANT_CONVERSION = YES;
				CLANG_WARN_DEPRECATED_OBJC_IMPLEMENTATIONS = YES;
				CLANG_WARN_DIRECT_OBJC_ISA_USAGE = YES_ERROR;
				CLANG_WARN_DOCUMENTATION_COMMENTS = YES;
				CLANG_WARN_EMPTY_BODY = YES;
				CLANG_WARN_ENUM_CONVERSION = YES;
				CLANG_WARN_INFINITE_RECURSION = YES;
				CLANG_WARN_INT_CONVERSION = YES;
				CLANG_WARN_NON_LITERAL_NULL_CONVERSION = YES;
				CLANG_WARN_OBJC_IMPLICIT_RETAIN_SELF = YES;
				CLANG_WARN_OBJC_LITERAL_CONVERSION = YES;
				CLANG_WARN_OBJC_ROOT_CLASS = YES_ERROR;
				CLANG_WARN_RANGE_LOOP_ANALYSIS = YES;
				CLANG_WARN_STRICT_PROTOTYPES = YES;
				CLANG_WARN_SUSPICIOUS_MOVE = YES;
				CLANG_WARN_UNGUARDED_AVAILABILITY = YES_AGGRESSIVE;
				CLANG_WARN_UNREACHABLE_CODE = YES;
				CLANG_WARN__DUPLICATE_METHOD_MATCH = YES;
				CODE_SIGN_IDENTITY = "iPhone Developer";
				COPY_PHASE_STRIP = NO;
				DEBUG_INFORMATION_FORMAT = "dwarf-with-dsym";
				ENABLE_NS_ASSERTIONS = NO;
				ENABLE_STRICT_OBJC_MSGSEND = YES;
				GCC_C_LANGUAGE_STANDARD = gnu11;
				GCC_NO_COMMON_BLOCKS = YES;
				GCC_WARN_64_TO_32_BIT_CONVERSION = YES;
				GCC_WARN_ABOUT_RETURN_TYPE = YES_ERROR;
				GCC_WARN_UNDECLARED_SELECTOR = YES;
				GCC_WARN_UNINITIALIZED_AUTOS = YES_AGGRESSIVE;
				GCC_WARN_UNUSED_FUNCTION = YES;
				GCC_WARN_UNUSED_VARIABLE = YES;
				IPHONEOS_DEPLOYMENT_TARGET = 12.4;
				MTL_ENABLE_DEBUG_INFO = NO;
				MTL_FAST_MATH = YES;
				SDKROOT = iphoneos;
				VALIDATE_PRODUCT = YES;
			};
			name = Release;
		};
		B65B80032328C456001FC23C /* Debug */ = {
			isa = XCBuildConfiguration;
			buildSettings = {
				ASSETCATALOG_COMPILER_APPICON_NAME = AppIcon;
				CODE_SIGN_STYLE = Automatic;
				DEVELOPMENT_TEAM = F69WJ27LN4;
				INFOPLIST_FILE = Lab1/Info.plist;
				LD_RUNPATH_SEARCH_PATHS = (
					"$(inherited)",
					"@executable_path/Frameworks",
				);
				PRODUCT_BUNDLE_IDENTIFIER = Swee.Lab1;
				PRODUCT_NAME = "$(TARGET_NAME)";
				TARGETED_DEVICE_FAMILY = "1,2";
			};
			name = Debug;
		};
		B65B80042328C456001FC23C /* Release */ = {
			isa = XCBuildConfiguration;
			buildSettings = {
				ASSETCATALOG_COMPILER_APPICON_NAME = AppIcon;
				CODE_SIGN_STYLE = Automatic;
				DEVELOPMENT_TEAM = F69WJ27LN4;
				INFOPLIST_FILE = Lab1/Info.plist;
				LD_RUNPATH_SEARCH_PATHS = (
					"$(inherited)",
					"@executable_path/Frameworks",
				);
				PRODUCT_BUNDLE_IDENTIFIER = Swee.Lab1;
				PRODUCT_NAME = "$(TARGET_NAME)";
				TARGETED_DEVICE_FAMILY = "1,2";
			};
			name = Release;
		};
/* End XCBuildConfiguration section */

/* Begin XCConfigurationList section */
		B65B7FE72328C455001FC23C /* Build configuration list for PBXProject "Lab1" */ = {
			isa = XCConfigurationList;
			buildConfigurations = (
				B65B80002328C456001FC23C /* Debug */,
				B65B80012328C456001FC23C /* Release */,
			);
			defaultConfigurationIsVisible = 0;
			defaultConfigurationName = Release;
		};
		B65B80022328C456001FC23C /* Build configuration list for PBXNativeTarget "Lab1" */ = {
			isa = XCConfigurationList;
			buildConfigurations = (
				B65B80032328C456001FC23C /* Debug */,
				B65B80042328C456001FC23C /* Release */,
			);
			defaultConfigurationIsVisible = 0;
			defaultConfigurationName = Release;
		};
/* End XCConfigurationList section */
	};
	rootObject = B65B7FE42328C455001FC23C /* Project object */;
}
